<Solution>
  <Configurations>
    <Platform Name="Any CPU" />
    <Platform Name="x64" />
    <Platform Name="x86" />
  </Configurations>
  <Folder Name="/src/">
    <Project Path="src/VaTool.BlogGen/VaTool.BlogGen.csproj" />
    <Project Path="src/VaTool.Lib/VaTool.Lib.csproj" />
    <Project Path="src/VaTool.WikiGen/VaTool.WikiGen.csproj" />
  </Folder>
  <Folder Name="/tests/">
    <Project Path="tests/VaTool.Lib.Tests/VaTool.Lib.Tests.csproj" />
  </Folder>
</Solution>
